{
  "name": "lisan-locales",
  "version": "0.0.36",
  "lockfileVersion": 1,
  "requires": true,
  "dependencies": {
    "ordinalize-tr": {
      "version": "1.0.1",
      "resolved": "https://registry.npmjs.org/ordinalize-tr/-/ordinalize-tr-1.0.1.tgz",
      "integrity": "sha512-MAm0jFle9Xxc2atwaWOvE7NUXd6Zh6pk16SpCnc0pYKesMy1+J2LkkTqoZBhafvqJupqH+y/upreU28WRKc5Dw=="
    }
  }
}
